{
  "object": {
    "pins": [
      {
        "package": "SwipeViewController",
        "repositoryURL": "https://github.com/HsinChungHan/SwipeViewContoller.git",
        "state": {
          "branch": "bugFix/hsin/timer_invalidate",
          "revision": "d560cc2c2ca861cfa15d8ea35ae15c6667009445",
          "version": null
        }
      },
      {
        "package": "TinderSlidedCard",
        "repositoryURL": "https://github.com/HsinChungHan/TinderSlidedCard.git",
        "state": {
          "branch": null,
          "revision": "6ee2688529320212d2df8a0646096db2b553451e",
          "version": "1.2.1"
        }
      }
    ]
  },
  "version": 1
}
